
Microsoft Visual Studio Solution File, Format Version 12.00
# Visual Studio Version 17
VisualStudioVersion = 17.0.31903.59
MinimumVisualStudioVersion = 10.0.40219.1
Project("{FAE04EC0-301F-11D3-BF4B-00C04F79EFBC}") = "Application.Client", "Application.Client\Application.Client.csproj", "{848CD0F0-18F6-495D-8EE3-AF8A5F39BBFE}"
EndProject
Global
	GlobalSection(SolutionConfigurationPlatforms) = preSolution
		Debug|Any CPU = Debug|Any CPU
		Release|Any CPU = Release|Any CPU
	EndGlobalSection
	GlobalSection(SolutionProperties) = preSolution
		HideSolutionNode = FALSE
	EndGlobalSection
	GlobalSection(ProjectConfigurationPlatforms) = postSolution
		{848CD0F0-18F6-495D-8EE3-AF8A5F39BBFE}.Debug|Any CPU.ActiveCfg = Debug|Any CPU
		{848CD0F0-18F6-495D-8EE3-AF8A5F39BBFE}.Debug|Any CPU.Build.0 = Debug|Any CPU
		{848CD0F0-18F6-495D-8EE3-AF8A5F39BBFE}.Release|Any CPU.ActiveCfg = Release|Any CPU
		{848CD0F0-18F6-495D-8EE3-AF8A5F39BBFE}.Release|Any CPU.Build.0 = Release|Any CPU
	EndGlobalSection
EndGlobal
